
Microsoft Visual Studio Solution File, Format Version 12.00
# Visual Studio Version 16
VisualStudioVersion = 16.0.31702.278
MinimumVisualStudioVersion = 10.0.40219.1
Project("{FAE04EC0-301F-11D3-BF4B-00C04F79EFBC}") = "buborek form", "buborek form\buborek form.csproj", "{B8B0CDA6-D719-44D4-B322-6FEAA76913A7}"
EndProject
Global
	GlobalSection(SolutionConfigurationPlatforms) = preSolution
		Debug|Any CPU = Debug|Any CPU
		Release|Any CPU = Release|Any CPU
	EndGlobalSection
	GlobalSection(ProjectConfigurationPlatforms) = postSolution
		{B8B0CDA6-D719-44D4-B322-6FEAA76913A7}.Debug|Any CPU.ActiveCfg = Debug|Any CPU
		{B8B0CDA6-D719-44D4-B322-6FEAA76913A7}.Debug|Any CPU.Build.0 = Debug|Any CPU
		{B8B0CDA6-D719-44D4-B322-6FEAA76913A7}.Release|Any CPU.ActiveCfg = Release|Any CPU
		{B8B0CDA6-D719-44D4-B322-6FEAA76913A7}.Release|Any CPU.Build.0 = Release|Any CPU
	EndGlobalSection
	GlobalSection(SolutionProperties) = preSolution
		HideSolutionNode = FALSE
	EndGlobalSection
	GlobalSection(ExtensibilityGlobals) = postSolution
		SolutionGuid = {5685EFF5-27B0-42F9-A0AB-692D65EF3309}
	EndGlobalSection
EndGlobal
